
Microsoft Visual Studio Solution File, Format Version 12.00
# Visual Studio Version 17
VisualStudioVersion = 17.9.34622.214
MinimumVisualStudioVersion = 10.0.40219.1
Project("{888888A0-9F3D-457C-B088-3A5042F75D52}") = "programmable-robot-game", "programmable-robot-game.pyproj", "{664BE066-E34D-4EE4-A44D-2F50FD26A5B5}"
EndProject
Global
	GlobalSection(SolutionConfigurationPlatforms) = preSolution
		Debug|Any CPU = Debug|Any CPU
		Release|Any CPU = Release|Any CPU
	EndGlobalSection
	GlobalSection(ProjectConfigurationPlatforms) = postSolution
		{664BE066-E34D-4EE4-A44D-2F50FD26A5B5}.Debug|Any CPU.ActiveCfg = Debug|Any CPU
		{664BE066-E34D-4EE4-A44D-2F50FD26A5B5}.Release|Any CPU.ActiveCfg = Release|Any CPU
	EndGlobalSection
	GlobalSection(SolutionProperties) = preSolution
		HideSolutionNode = FALSE
	EndGlobalSection
	GlobalSection(ExtensibilityGlobals) = postSolution
		SolutionGuid = {4C4ABDF4-9543-4946-85A0-627E1FD4BF87}
	EndGlobalSection
EndGlobal
